
Microsoft Visual Studio Solution File, Format Version 12.00
# Visual Studio Version 16
VisualStudioVersion = 16.0.30621.155
MinimumVisualStudioVersion = 10.0.40219.1
Project("{FAE04EC0-301F-11D3-BF4B-00C04F79EFBC}") = "BinaryTree", "BinaryTree\BinaryTree.csproj", "{76074AD7-1D81-4D8C-A36C-64BBD9212255}"
EndProject
Global
	GlobalSection(SolutionConfigurationPlatforms) = preSolution
		Debug|Any CPU = Debug|Any CPU
		Release|Any CPU = Release|Any CPU
	EndGlobalSection
	GlobalSection(ProjectConfigurationPlatforms) = postSolution
		{76074AD7-1D81-4D8C-A36C-64BBD9212255}.Debug|Any CPU.ActiveCfg = Debug|Any CPU
		{76074AD7-1D81-4D8C-A36C-64BBD9212255}.Debug|Any CPU.Build.0 = Debug|Any CPU
		{76074AD7-1D81-4D8C-A36C-64BBD9212255}.Release|Any CPU.ActiveCfg = Release|Any CPU
		{76074AD7-1D81-4D8C-A36C-64BBD9212255}.Release|Any CPU.Build.0 = Release|Any CPU
	EndGlobalSection
	GlobalSection(SolutionProperties) = preSolution
		HideSolutionNode = FALSE
	EndGlobalSection
	GlobalSection(ExtensibilityGlobals) = postSolution
		SolutionGuid = {92B00E2E-7054-465D-96E5-32167FAE24BC}
	EndGlobalSection
EndGlobal
